
Microsoft Visual Studio Solution File, Format Version 12.00
# Visual Studio Version 17
VisualStudioVersion = 17.14.36811.4
MinimumVisualStudioVersion = 10.0.40219.1
Project("{FAE04EC0-301F-11D3-BF4B-00C04F79EFBC}") = "InventoryCRM", "InventoryCRM.csproj", "{48767555-8ADF-40A1-8C8B-F37E87E1D81B}"
EndProject
Global
	GlobalSection(SolutionConfigurationPlatforms) = preSolution
		Debug|Any CPU = Debug|Any CPU
		Release|Any CPU = Release|Any CPU
	EndGlobalSection
	GlobalSection(ProjectConfigurationPlatforms) = postSolution
		{48767555-8ADF-40A1-8C8B-F37E87E1D81B}.Debug|Any CPU.ActiveCfg = Debug|Any CPU
		{48767555-8ADF-40A1-8C8B-F37E87E1D81B}.Debug|Any CPU.Build.0 = Debug|Any CPU
		{48767555-8ADF-40A1-8C8B-F37E87E1D81B}.Release|Any CPU.ActiveCfg = Release|Any CPU
		{48767555-8ADF-40A1-8C8B-F37E87E1D81B}.Release|Any CPU.Build.0 = Release|Any CPU
	EndGlobalSection
	GlobalSection(SolutionProperties) = preSolution
		HideSolutionNode = FALSE
	EndGlobalSection
	GlobalSection(ExtensibilityGlobals) = postSolution
		SolutionGuid = {CE56C7C9-3E16-4E0A-B012-1830B2D5A0DD}
	EndGlobalSection
EndGlobal
